
Microsoft Visual Studio Solution File, Format Version 12.00
# Visual Studio Express 2012 for Windows Desktop
Project("{FAE04EC0-301F-11D3-BF4B-00C04F79EFBC}") = "WindowsFormsApplication1", "WindowsFormsApplication1\WindowsFormsApplication1.csproj", "{CEB51941-DC01-423A-A24C-B8BE62F13DD7}"
EndProject
Global
	GlobalSection(SolutionConfigurationPlatforms) = preSolution
		Debug|Any CPU = Debug|Any CPU
		Release|Any CPU = Release|Any CPU
	EndGlobalSection
	GlobalSection(ProjectConfigurationPlatforms) = postSolution
		{CEB51941-DC01-423A-A24C-B8BE62F13DD7}.Debug|Any CPU.ActiveCfg = Debug|Any CPU
		{CEB51941-DC01-423A-A24C-B8BE62F13DD7}.Debug|Any CPU.Build.0 = Debug|Any CPU
		{CEB51941-DC01-423A-A24C-B8BE62F13DD7}.Release|Any CPU.ActiveCfg = Release|Any CPU
		{CEB51941-DC01-423A-A24C-B8BE62F13DD7}.Release|Any CPU.Build.0 = Release|Any CPU
	EndGlobalSection
	GlobalSection(SolutionProperties) = preSolution
		HideSolutionNode = FALSE
	EndGlobalSection
EndGlobal
